
Microsoft Visual Studio Solution File, Format Version 12.00
# Visual Studio 2013
VisualStudioVersion = 12.0.21005.1
MinimumVisualStudioVersion = 10.0.40219.1
Project("{2150E333-8FDC-42A3-9474-1A3956D46DE8}") = "framework", "framework", "{2ECEB82A-F15A-4F98-89D7-37B2BE7AEAC4}"
EndProject
Project("{2150E333-8FDC-42A3-9474-1A3956D46DE8}") = "application", "application", "{05792677-26DA-47FE-A59A-4E7A3D631D59}"
EndProject
Project("{2150E333-8FDC-42A3-9474-1A3956D46DE8}") = "numerai", "numerai", "{2ED2ABF4-3849-49AC-9503-DE89ADDB3513}"
EndProject
Project("{2150E333-8FDC-42A3-9474-1A3956D46DE8}") = "data", "data", "{70153E23-8608-4CD4-AA32-84730C3A679E}"
EndProject
Project("{888888A0-9F3D-457C-B088-3A5042F75D52}") = "numerai_2", "application\numerai\numerai_2\numerai_2.pyproj", "{A67BFAC3-7D1F-45EC-8E2F-E22949F3F6A5}"
EndProject
Project("{2150E333-8FDC-42A3-9474-1A3956D46DE8}") = "test", "test", "{533C3D59-AD06-480E-9104-2F0606E5E478}"
EndProject
Project("{888888A0-9F3D-457C-B088-3A5042F75D52}") = "plot_visual_studio", "application\test\plot_visual_studio\plot_visual_studio.pyproj", "{A3BD57BC-80AC-45D3-9422-0175FE724934}"
EndProject
Global
	GlobalSection(SolutionConfigurationPlatforms) = preSolution
		Debug|Any CPU = Debug|Any CPU
		Release|Any CPU = Release|Any CPU
	EndGlobalSection
	GlobalSection(ProjectConfigurationPlatforms) = postSolution
		{A67BFAC3-7D1F-45EC-8E2F-E22949F3F6A5}.Debug|Any CPU.ActiveCfg = Debug|Any CPU
		{A67BFAC3-7D1F-45EC-8E2F-E22949F3F6A5}.Release|Any CPU.ActiveCfg = Release|Any CPU
		{A3BD57BC-80AC-45D3-9422-0175FE724934}.Debug|Any CPU.ActiveCfg = Debug|Any CPU
		{A3BD57BC-80AC-45D3-9422-0175FE724934}.Release|Any CPU.ActiveCfg = Release|Any CPU
	EndGlobalSection
	GlobalSection(SolutionProperties) = preSolution
		HideSolutionNode = FALSE
	EndGlobalSection
	GlobalSection(NestedProjects) = preSolution
		{2ED2ABF4-3849-49AC-9503-DE89ADDB3513} = {05792677-26DA-47FE-A59A-4E7A3D631D59}
		{533C3D59-AD06-480E-9104-2F0606E5E478} = {05792677-26DA-47FE-A59A-4E7A3D631D59}
		{70153E23-8608-4CD4-AA32-84730C3A679E} = {2ED2ABF4-3849-49AC-9503-DE89ADDB3513}
		{A67BFAC3-7D1F-45EC-8E2F-E22949F3F6A5} = {2ED2ABF4-3849-49AC-9503-DE89ADDB3513}
		{A3BD57BC-80AC-45D3-9422-0175FE724934} = {533C3D59-AD06-480E-9104-2F0606E5E478}
	EndGlobalSection
EndGlobal
